
Microsoft Visual Studio Solution File, Format Version 12.00
# Visual Studio 15
VisualStudioVersion = 15.0.27428.2037
MinimumVisualStudioVersion = 10.0.40219.1
Project("{FAE04EC0-301F-11D3-BF4B-00C04F79EFBC}") = "Lamda", "Lamda\Lamda.csproj", "{F6DB9F0A-6D15-468F-81AF-4C44DCC88FEC}"
EndProject
Global
	GlobalSection(SolutionConfigurationPlatforms) = preSolution
		Debug|Any CPU = Debug|Any CPU
		Release|Any CPU = Release|Any CPU
	EndGlobalSection
	GlobalSection(ProjectConfigurationPlatforms) = postSolution
		{F6DB9F0A-6D15-468F-81AF-4C44DCC88FEC}.Debug|Any CPU.ActiveCfg = Debug|Any CPU
		{F6DB9F0A-6D15-468F-81AF-4C44DCC88FEC}.Debug|Any CPU.Build.0 = Debug|Any CPU
		{F6DB9F0A-6D15-468F-81AF-4C44DCC88FEC}.Release|Any CPU.ActiveCfg = Release|Any CPU
		{F6DB9F0A-6D15-468F-81AF-4C44DCC88FEC}.Release|Any CPU.Build.0 = Release|Any CPU
	EndGlobalSection
	GlobalSection(SolutionProperties) = preSolution
		HideSolutionNode = FALSE
	EndGlobalSection
	GlobalSection(ExtensibilityGlobals) = postSolution
		SolutionGuid = {2E0C6D13-5382-475F-AF4F-FA1B441D82CB}
	EndGlobalSection
EndGlobal
